
Microsoft Visual Studio Solution File, Format Version 12.00
# Visual Studio Version 16
VisualStudioVersion = 16.0.30011.22
MinimumVisualStudioVersion = 10.0.40219.1
Project("{FAE04EC0-301F-11D3-BF4B-00C04F79EFBC}") = "ReadWriteApp1", "ReadWriteApp1\ReadWriteApp1.csproj", "{D2018FDE-890C-44CC-9143-C515054952BE}"
EndProject
Global
	GlobalSection(SolutionConfigurationPlatforms) = preSolution
		Debug|Any CPU = Debug|Any CPU
		Release|Any CPU = Release|Any CPU
	EndGlobalSection
	GlobalSection(ProjectConfigurationPlatforms) = postSolution
		{D2018FDE-890C-44CC-9143-C515054952BE}.Debug|Any CPU.ActiveCfg = Debug|Any CPU
		{D2018FDE-890C-44CC-9143-C515054952BE}.Debug|Any CPU.Build.0 = Debug|Any CPU
		{D2018FDE-890C-44CC-9143-C515054952BE}.Release|Any CPU.ActiveCfg = Release|Any CPU
		{D2018FDE-890C-44CC-9143-C515054952BE}.Release|Any CPU.Build.0 = Release|Any CPU
	EndGlobalSection
	GlobalSection(SolutionProperties) = preSolution
		HideSolutionNode = FALSE
	EndGlobalSection
	GlobalSection(ExtensibilityGlobals) = postSolution
		SolutionGuid = {2D749D58-67C4-4791-B4CC-35A6A54D7647}
	EndGlobalSection
EndGlobal
